
Microsoft Visual Studio Solution File, Format Version 12.00
# Visual Studio Version 16
VisualStudioVersion = 16.0.29609.76
MinimumVisualStudioVersion = 10.0.40219.1
Project("{2150E333-8FDC-42A3-9474-1A3956D46DE8}") = "Services", "Services", "{80BC7E61-D883-40A1-847B-ADFF98ECEEB8}"
EndProject
Project("{2150E333-8FDC-42A3-9474-1A3956D46DE8}") = "Web", "Web", "{1CFB5D5B-9265-48D3-BCB7-CA61FC83D887}"
EndProject
Project("{2150E333-8FDC-42A3-9474-1A3956D46DE8}") = "Unibet", "Unibet", "{91F66405-6BF5-45DC-98D1-7CD5D87EA847}"
EndProject
Project("{2150E333-8FDC-42A3-9474-1A3956D46DE8}") = "Bet", "Bet", "{DA4C6AAD-6233-4E2C-967A-E09B16230880}"
EndProject
Project("{9A19103F-16F7-4668-BE54-9A1E7A4F7556}") = "Bet.API", "Services\Bet\Bet.API\Bet.API.csproj", "{3C473530-F111-4EA2-90D8-4E79AD39EAE5}"
EndProject
Project("{9A19103F-16F7-4668-BE54-9A1E7A4F7556}") = "UnibetClient", "Services\Unibet\UnibetClient\UnibetClient.csproj", "{32B8397A-4C92-427A-936E-C945238E819D}"
EndProject
Project("{9A19103F-16F7-4668-BE54-9A1E7A4F7556}") = "UnibetClient.UnitTest", "Services\Unibet\UnibetClient.UnitTest\UnibetClient.UnitTest.csproj", "{A71187EE-617D-4FAE-99DF-469D72F39F13}"
EndProject
Project("{9A19103F-16F7-4668-BE54-9A1E7A4F7556}") = "Bet.Domain", "Services\Bet\Bet.Domain\Bet.Domain.csproj", "{FFF49744-620A-464E-B834-389D7A2FA09A}"
EndProject
Project("{9A19103F-16F7-4668-BE54-9A1E7A4F7556}") = "Bet.Domain.UnitTest", "Services\Bet\Bet.Domain.UnitTest\Bet.Domain.UnitTest.csproj", "{DB475BF8-2021-4DDD-A393-C997480BE3B2}"
EndProject
Project("{9A19103F-16F7-4668-BE54-9A1E7A4F7556}") = "Dashboard", "Web\Dashboard\Dashboard.csproj", "{EA48A913-705F-476E-A061-76C6C3B1B05E}"
EndProject
Project("{2150E333-8FDC-42A3-9474-1A3956D46DE8}") = "Mobile", "Mobile", "{7F48D4EB-A143-4B64-8BBC-974EA14ADF24}"
EndProject
Project("{FAE04EC0-301F-11D3-BF4B-00C04F79EFBC}") = "BetDash", "BetDash\BetDash\BetDash.csproj", "{52EF2C39-1BEE-4183-8CE0-212B06B7D88F}"
EndProject
Project("{FAE04EC0-301F-11D3-BF4B-00C04F79EFBC}") = "BetDash.Android", "BetDash\BetDash.Android\BetDash.Android.csproj", "{876E1BCB-8FBD-4BC8-A352-01CF02EC80F3}"
EndProject
Project("{FAE04EC0-301F-11D3-BF4B-00C04F79EFBC}") = "BetDash.iOS", "BetDash\BetDash.iOS\BetDash.iOS.csproj", "{13C1EE60-5016-41C0-8139-3D34B5CD6644}"
EndProject
Global
	GlobalSection(SolutionConfigurationPlatforms) = preSolution
		Ad-Hoc|Any CPU = Ad-Hoc|Any CPU
		Ad-Hoc|iPhone = Ad-Hoc|iPhone
		Ad-Hoc|iPhoneSimulator = Ad-Hoc|iPhoneSimulator
		AppStore|Any CPU = AppStore|Any CPU
		AppStore|iPhone = AppStore|iPhone
		AppStore|iPhoneSimulator = AppStore|iPhoneSimulator
		Debug|Any CPU = Debug|Any CPU
		Debug|iPhone = Debug|iPhone
		Debug|iPhoneSimulator = Debug|iPhoneSimulator
		Release|Any CPU = Release|Any CPU
		Release|iPhone = Release|iPhone
		Release|iPhoneSimulator = Release|iPhoneSimulator
	EndGlobalSection
	GlobalSection(ProjectConfigurationPlatforms) = postSolution
		{3C473530-F111-4EA2-90D8-4E79AD39EAE5}.Ad-Hoc|Any CPU.ActiveCfg = Release|Any CPU
		{3C473530-F111-4EA2-90D8-4E79AD39EAE5}.Ad-Hoc|Any CPU.Build.0 = Release|Any CPU
		{3C473530-F111-4EA2-90D8-4E79AD39EAE5}.Ad-Hoc|iPhone.ActiveCfg = Release|Any CPU
		{3C473530-F111-4EA2-90D8-4E79AD39EAE5}.Ad-Hoc|iPhone.Build.0 = Release|Any CPU
		{3C473530-F111-4EA2-90D8-4E79AD39EAE5}.Ad-Hoc|iPhoneSimulator.ActiveCfg = Release|Any CPU
		{3C473530-F111-4EA2-90D8-4E79AD39EAE5}.Ad-Hoc|iPhoneSimulator.Build.0 = Release|Any CPU
		{3C473530-F111-4EA2-90D8-4E79AD39EAE5}.AppStore|Any CPU.ActiveCfg = Release|Any CPU
		{3C473530-F111-4EA2-90D8-4E79AD39EAE5}.AppStore|Any CPU.Build.0 = Release|Any CPU
		{3C473530-F111-4EA2-90D8-4E79AD39EAE5}.AppStore|iPhone.ActiveCfg = Release|Any CPU
		{3C473530-F111-4EA2-90D8-4E79AD39EAE5}.AppStore|iPhone.Build.0 = Release|Any CPU
		{3C473530-F111-4EA2-90D8-4E79AD39EAE5}.AppStore|iPhoneSimulator.ActiveCfg = Release|Any CPU
		{3C473530-F111-4EA2-90D8-4E79AD39EAE5}.AppStore|iPhoneSimulator.Build.0 = Release|Any CPU
		{3C473530-F111-4EA2-90D8-4E79AD39EAE5}.Debug|Any CPU.ActiveCfg = Debug|Any CPU
		{3C473530-F111-4EA2-90D8-4E79AD39EAE5}.Debug|Any CPU.Build.0 = Debug|Any CPU
		{3C473530-F111-4EA2-90D8-4E79AD39EAE5}.Debug|iPhone.ActiveCfg = Debug|Any CPU
		{3C473530-F111-4EA2-90D8-4E79AD39EAE5}.Debug|iPhone.Build.0 = Debug|Any CPU
		{3C473530-F111-4EA2-90D8-4E79AD39EAE5}.Debug|iPhoneSimulator.ActiveCfg = Debug|Any CPU
		{3C473530-F111-4EA2-90D8-4E79AD39EAE5}.Debug|iPhoneSimulator.Build.0 = Debug|Any CPU
		{3C473530-F111-4EA2-90D8-4E79AD39EAE5}.Release|Any CPU.ActiveCfg = Release|Any CPU
		{3C473530-F111-4EA2-90D8-4E79AD39EAE5}.Release|Any CPU.Build.0 = Release|Any CPU
		{3C473530-F111-4EA2-90D8-4E79AD39EAE5}.Release|iPhone.ActiveCfg = Release|Any CPU
		{3C473530-F111-4EA2-90D8-4E79AD39EAE5}.Release|iPhone.Build.0 = Release|Any CPU
		{3C473530-F111-4EA2-90D8-4E79AD39EAE5}.Release|iPhoneSimulator.ActiveCfg = Release|Any CPU
		{3C473530-F111-4EA2-90D8-4E79AD39EAE5}.Release|iPhoneSimulator.Build.0 = Release|Any CPU
		{32B8397A-4C92-427A-936E-C945238E819D}.Ad-Hoc|Any CPU.ActiveCfg = Release|Any CPU
		{32B8397A-4C92-427A-936E-C945238E819D}.Ad-Hoc|Any CPU.Build.0 = Release|Any CPU
		{32B8397A-4C92-427A-936E-C945238E819D}.Ad-Hoc|iPhone.ActiveCfg = Release|Any CPU
		{32B8397A-4C92-427A-936E-C945238E819D}.Ad-Hoc|iPhone.Build.0 = Release|Any CPU
		{32B8397A-4C92-427A-936E-C945238E819D}.Ad-Hoc|iPhoneSimulator.ActiveCfg = Release|Any CPU
		{32B8397A-4C92-427A-936E-C945238E819D}.Ad-Hoc|iPhoneSimulator.Build.0 = Release|Any CPU
		{32B8397A-4C92-427A-936E-C945238E819D}.AppStore|Any CPU.ActiveCfg = Release|Any CPU
		{32B8397A-4C92-427A-936E-C945238E819D}.AppStore|Any CPU.Build.0 = Release|Any CPU
		{32B8397A-4C92-427A-936E-C945238E819D}.AppStore|iPhone.ActiveCfg = Release|Any CPU
		{32B8397A-4C92-427A-936E-C945238E819D}.AppStore|iPhone.Build.0 = Release|Any CPU
		{32B8397A-4C92-427A-936E-C945238E819D}.AppStore|iPhoneSimulator.ActiveCfg = Release|Any CPU
		{32B8397A-4C92-427A-936E-C945238E819D}.AppStore|iPhoneSimulator.Build.0 = Release|Any CPU
		{32B8397A-4C92-427A-936E-C945238E819D}.Debug|Any CPU.ActiveCfg = Debug|Any CPU
		{32B8397A-4C92-427A-936E-C945238E819D}.Debug|Any CPU.Build.0 = Debug|Any CPU
		{32B8397A-4C92-427A-936E-C945238E819D}.Debug|iPhone.ActiveCfg = Debug|Any CPU
		{32B8397A-4C92-427A-936E-C945238E819D}.Debug|iPhone.Build.0 = Debug|Any CPU
		{32B8397A-4C92-427A-936E-C945238E819D}.Debug|iPhoneSimulator.ActiveCfg = Debug|Any CPU
		{32B8397A-4C92-427A-936E-C945238E819D}.Debug|iPhoneSimulator.Build.0 = Debug|Any CPU
		{32B8397A-4C92-427A-936E-C945238E819D}.Release|Any CPU.ActiveCfg = Release|Any CPU
		{32B8397A-4C92-427A-936E-C945238E819D}.Release|Any CPU.Build.0 = Release|Any CPU
		{32B8397A-4C92-427A-936E-C945238E819D}.Release|iPhone.ActiveCfg = Release|Any CPU
		{32B8397A-4C92-427A-936E-C945238E819D}.Release|iPhone.Build.0 = Release|Any CPU
		{32B8397A-4C92-427A-936E-C945238E819D}.Release|iPhoneSimulator.ActiveCfg = Release|Any CPU
		{32B8397A-4C92-427A-936E-C945238E819D}.Release|iPhoneSimulator.Build.0 = Release|Any CPU
		{A71187EE-617D-4FAE-99DF-469D72F39F13}.Ad-Hoc|Any CPU.ActiveCfg = Release|Any CPU
		{A71187EE-617D-4FAE-99DF-469D72F39F13}.Ad-Hoc|Any CPU.Build.0 = Release|Any CPU
		{A71187EE-617D-4FAE-99DF-469D72F39F13}.Ad-Hoc|iPhone.ActiveCfg = Release|Any CPU
		{A71187EE-617D-4FAE-99DF-469D72F39F13}.Ad-Hoc|iPhone.Build.0 = Release|Any CPU
		{A71187EE-617D-4FAE-99DF-469D72F39F13}.Ad-Hoc|iPhoneSimulator.ActiveCfg = Release|Any CPU
		{A71187EE-617D-4FAE-99DF-469D72F39F13}.Ad-Hoc|iPhoneSimulator.Build.0 = Release|Any CPU
		{A71187EE-617D-4FAE-99DF-469D72F39F13}.AppStore|Any CPU.ActiveCfg = Release|Any CPU
		{A71187EE-617D-4FAE-99DF-469D72F39F13}.AppStore|Any CPU.Build.0 = Release|Any CPU
		{A71187EE-617D-4FAE-99DF-469D72F39F13}.AppStore|iPhone.ActiveCfg = Release|Any CPU
		{A71187EE-617D-4FAE-99DF-469D72F39F13}.AppStore|iPhone.Build.0 = Release|Any CPU
		{A71187EE-617D-4FAE-99DF-469D72F39F13}.AppStore|iPhoneSimulator.ActiveCfg = Release|Any CPU
		{A71187EE-617D-4FAE-99DF-469D72F39F13}.AppStore|iPhoneSimulator.Build.0 = Release|Any CPU
		{A71187EE-617D-4FAE-99DF-469D72F39F13}.Debug|Any CPU.ActiveCfg = Debug|Any CPU
		{A71187EE-617D-4FAE-99DF-469D72F39F13}.Debug|Any CPU.Build.0 = Debug|Any CPU
		{A71187EE-617D-4FAE-99DF-469D72F39F13}.Debug|iPhone.ActiveCfg = Debug|Any CPU
		{A71187EE-617D-4FAE-99DF-469D72F39F13}.Debug|iPhone.Build.0 = Debug|Any CPU
		{A71187EE-617D-4FAE-99DF-469D72F39F13}.Debug|iPhoneSimulator.ActiveCfg = Debug|Any CPU
		{A71187EE-617D-4FAE-99DF-469D72F39F13}.Debug|iPhoneSimulator.Build.0 = Debug|Any CPU
		{A71187EE-617D-4FAE-99DF-469D72F39F13}.Release|Any CPU.ActiveCfg = Release|Any CPU
		{A71187EE-617D-4FAE-99DF-469D72F39F13}.Release|Any CPU.Build.0 = Release|Any CPU
		{A71187EE-617D-4FAE-99DF-469D72F39F13}.Release|iPhone.ActiveCfg = Release|Any CPU
		{A71187EE-617D-4FAE-99DF-469D72F39F13}.Release|iPhone.Build.0 = Release|Any CPU
		{A71187EE-617D-4FAE-99DF-469D72F39F13}.Release|iPhoneSimulator.ActiveCfg = Release|Any CPU
		{A71187EE-617D-4FAE-99DF-469D72F39F13}.Release|iPhoneSimulator.Build.0 = Release|Any CPU
		{FFF49744-620A-464E-B834-389D7A2FA09A}.Ad-Hoc|Any CPU.ActiveCfg = Release|Any CPU
		{FFF49744-620A-464E-B834-389D7A2FA09A}.Ad-Hoc|Any CPU.Build.0 = Release|Any CPU
		{FFF49744-620A-464E-B834-389D7A2FA09A}.Ad-Hoc|iPhone.ActiveCfg = Release|Any CPU
		{FFF49744-620A-464E-B834-389D7A2FA09A}.Ad-Hoc|iPhone.Build.0 = Release|Any CPU
		{FFF49744-620A-464E-B834-389D7A2FA09A}.Ad-Hoc|iPhoneSimulator.ActiveCfg = Release|Any CPU
		{FFF49744-620A-464E-B834-389D7A2FA09A}.Ad-Hoc|iPhoneSimulator.Build.0 = Release|Any CPU
		{FFF49744-620A-464E-B834-389D7A2FA09A}.AppStore|Any CPU.ActiveCfg = Release|Any CPU
		{FFF49744-620A-464E-B834-389D7A2FA09A}.AppStore|Any CPU.Build.0 = Release|Any CPU
		{FFF49744-620A-464E-B834-389D7A2FA09A}.AppStore|iPhone.ActiveCfg = Release|Any CPU
		{FFF49744-620A-464E-B834-389D7A2FA09A}.AppStore|iPhone.Build.0 = Release|Any CPU
		{FFF49744-620A-464E-B834-389D7A2FA09A}.AppStore|iPhoneSimulator.ActiveCfg = Release|Any CPU
		{FFF49744-620A-464E-B834-389D7A2FA09A}.AppStore|iPhoneSimulator.Build.0 = Release|Any CPU
		{FFF49744-620A-464E-B834-389D7A2FA09A}.Debug|Any CPU.ActiveCfg = Debug|Any CPU
		{FFF49744-620A-464E-B834-389D7A2FA09A}.Debug|Any CPU.Build.0 = Debug|Any CPU
		{FFF49744-620A-464E-B834-389D7A2FA09A}.Debug|iPhone.ActiveCfg = Debug|Any CPU
		{FFF49744-620A-464E-B834-389D7A2FA09A}.Debug|iPhone.Build.0 = Debug|Any CPU
		{FFF49744-620A-464E-B834-389D7A2FA09A}.Debug|iPhoneSimulator.ActiveCfg = Debug|Any CPU
		{FFF49744-620A-464E-B834-389D7A2FA09A}.Debug|iPhoneSimulator.Build.0 = Debug|Any CPU
		{FFF49744-620A-464E-B834-389D7A2FA09A}.Release|Any CPU.ActiveCfg = Release|Any CPU
		{FFF49744-620A-464E-B834-389D7A2FA09A}.Release|Any CPU.Build.0 = Release|Any CPU
		{FFF49744-620A-464E-B834-389D7A2FA09A}.Release|iPhone.ActiveCfg = Release|Any CPU
		{FFF49744-620A-464E-B834-389D7A2FA09A}.Release|iPhone.Build.0 = Release|Any CPU
		{FFF49744-620A-464E-B834-389D7A2FA09A}.Release|iPhoneSimulator.ActiveCfg = Release|Any CPU
		{FFF49744-620A-464E-B834-389D7A2FA09A}.Release|iPhoneSimulator.Build.0 = Release|Any CPU
		{DB475BF8-2021-4DDD-A393-C997480BE3B2}.Ad-Hoc|Any CPU.ActiveCfg = Release|Any CPU
		{DB475BF8-2021-4DDD-A393-C997480BE3B2}.Ad-Hoc|Any CPU.Build.0 = Release|Any CPU
		{DB475BF8-2021-4DDD-A393-C997480BE3B2}.Ad-Hoc|iPhone.ActiveCfg = Release|Any CPU
		{DB475BF8-2021-4DDD-A393-C997480BE3B2}.Ad-Hoc|iPhone.Build.0 = Release|Any CPU
		{DB475BF8-2021-4DDD-A393-C997480BE3B2}.Ad-Hoc|iPhoneSimulator.ActiveCfg = Release|Any CPU
		{DB475BF8-2021-4DDD-A393-C997480BE3B2}.Ad-Hoc|iPhoneSimulator.Build.0 = Release|Any CPU
		{DB475BF8-2021-4DDD-A393-C997480BE3B2}.AppStore|Any CPU.ActiveCfg = Release|Any CPU
		{DB475BF8-2021-4DDD-A393-C997480BE3B2}.AppStore|Any CPU.Build.0 = Release|Any CPU
		{DB475BF8-2021-4DDD-A393-C997480BE3B2}.AppStore|iPhone.ActiveCfg = Release|Any CPU
		{DB475BF8-2021-4DDD-A393-C997480BE3B2}.AppStore|iPhone.Build.0 = Release|Any CPU
		{DB475BF8-2021-4DDD-A393-C997480BE3B2}.AppStore|iPhoneSimulator.ActiveCfg = Release|Any CPU
		{DB475BF8-2021-4DDD-A393-C997480BE3B2}.AppStore|iPhoneSimulator.Build.0 = Release|Any CPU
		{DB475BF8-2021-4DDD-A393-C997480BE3B2}.Debug|Any CPU.ActiveCfg = Debug|Any CPU
		{DB475BF8-2021-4DDD-A393-C997480BE3B2}.Debug|Any CPU.Build.0 = Debug|Any CPU
		{DB475BF8-2021-4DDD-A393-C997480BE3B2}.Debug|iPhone.ActiveCfg = Debug|Any CPU
		{DB475BF8-2021-4DDD-A393-C997480BE3B2}.Debug|iPhone.Build.0 = Debug|Any CPU
		{DB475BF8-2021-4DDD-A393-C997480BE3B2}.Debug|iPhoneSimulator.ActiveCfg = Debug|Any CPU
		{DB475BF8-2021-4DDD-A393-C997480BE3B2}.Debug|iPhoneSimulator.Build.0 = Debug|Any CPU
		{DB475BF8-2021-4DDD-A393-C997480BE3B2}.Release|Any CPU.ActiveCfg = Release|Any CPU
		{DB475BF8-2021-4DDD-A393-C997480BE3B2}.Release|Any CPU.Build.0 = Release|Any CPU
		{DB475BF8-2021-4DDD-A393-C997480BE3B2}.Release|iPhone.ActiveCfg = Release|Any CPU
		{DB475BF8-2021-4DDD-A393-C997480BE3B2}.Release|iPhone.Build.0 = Release|Any CPU
		{DB475BF8-2021-4DDD-A393-C997480BE3B2}.Release|iPhoneSimulator.ActiveCfg = Release|Any CPU
		{DB475BF8-2021-4DDD-A393-C997480BE3B2}.Release|iPhoneSimulator.Build.0 = Release|Any CPU
		{EA48A913-705F-476E-A061-76C6C3B1B05E}.Ad-Hoc|Any CPU.ActiveCfg = Release|Any CPU
		{EA48A913-705F-476E-A061-76C6C3B1B05E}.Ad-Hoc|Any CPU.Build.0 = Release|Any CPU
		{EA48A913-705F-476E-A061-76C6C3B1B05E}.Ad-Hoc|iPhone.ActiveCfg = Release|Any CPU
		{EA48A913-705F-476E-A061-76C6C3B1B05E}.Ad-Hoc|iPhone.Build.0 = Release|Any CPU
		{EA48A913-705F-476E-A061-76C6C3B1B05E}.Ad-Hoc|iPhoneSimulator.ActiveCfg = Release|Any CPU
		{EA48A913-705F-476E-A061-76C6C3B1B05E}.Ad-Hoc|iPhoneSimulator.Build.0 = Release|Any CPU
		{EA48A913-705F-476E-A061-76C6C3B1B05E}.AppStore|Any CPU.ActiveCfg = Release|Any CPU
		{EA48A913-705F-476E-A061-76C6C3B1B05E}.AppStore|Any CPU.Build.0 = Release|Any CPU
		{EA48A913-705F-476E-A061-76C6C3B1B05E}.AppStore|iPhone.ActiveCfg = Release|Any CPU
		{EA48A913-705F-476E-A061-76C6C3B1B05E}.AppStore|iPhone.Build.0 = Release|Any CPU
		{EA48A913-705F-476E-A061-76C6C3B1B05E}.AppStore|iPhoneSimulator.ActiveCfg = Release|Any CPU
		{EA48A913-705F-476E-A061-76C6C3B1B05E}.AppStore|iPhoneSimulator.Build.0 = Release|Any CPU
		{EA48A913-705F-476E-A061-76C6C3B1B05E}.Debug|Any CPU.ActiveCfg = Debug|Any CPU
		{EA48A913-705F-476E-A061-76C6C3B1B05E}.Debug|Any CPU.Build.0 = Debug|Any CPU
		{EA48A913-705F-476E-A061-76C6C3B1B05E}.Debug|iPhone.ActiveCfg = Debug|Any CPU
		{EA48A913-705F-476E-A061-76C6C3B1B05E}.Debug|iPhone.Build.0 = Debug|Any CPU
		{EA48A913-705F-476E-A061-76C6C3B1B05E}.Debug|iPhoneSimulator.ActiveCfg = Debug|Any CPU
		{EA48A913-705F-476E-A061-76C6C3B1B05E}.Debug|iPhoneSimulator.Build.0 = Debug|Any CPU
		{EA48A913-705F-476E-A061-76C6C3B1B05E}.Release|Any CPU.ActiveCfg = Release|Any CPU
		{EA48A913-705F-476E-A061-76C6C3B1B05E}.Release|Any CPU.Build.0 = Release|Any CPU
		{EA48A913-705F-476E-A061-76C6C3B1B05E}.Release|iPhone.ActiveCfg = Release|Any CPU
		{EA48A913-705F-476E-A061-76C6C3B1B05E}.Release|iPhone.Build.0 = Release|Any CPU
		{EA48A913-705F-476E-A061-76C6C3B1B05E}.Release|iPhoneSimulator.ActiveCfg = Release|Any CPU
		{EA48A913-705F-476E-A061-76C6C3B1B05E}.Release|iPhoneSimulator.Build.0 = Release|Any CPU
		{52EF2C39-1BEE-4183-8CE0-212B06B7D88F}.Ad-Hoc|Any CPU.ActiveCfg = Debug|Any CPU
		{52EF2C39-1BEE-4183-8CE0-212B06B7D88F}.Ad-Hoc|Any CPU.Build.0 = Debug|Any CPU
		{52EF2C39-1BEE-4183-8CE0-212B06B7D88F}.Ad-Hoc|iPhone.ActiveCfg = Debug|Any CPU
		{52EF2C39-1BEE-4183-8CE0-212B06B7D88F}.Ad-Hoc|iPhone.Build.0 = Debug|Any CPU
		{52EF2C39-1BEE-4183-8CE0-212B06B7D88F}.Ad-Hoc|iPhoneSimulator.ActiveCfg = Debug|Any CPU
		{52EF2C39-1BEE-4183-8CE0-212B06B7D88F}.Ad-Hoc|iPhoneSimulator.Build.0 = Debug|Any CPU
		{52EF2C39-1BEE-4183-8CE0-212B06B7D88F}.AppStore|Any CPU.ActiveCfg = Debug|Any CPU
		{52EF2C39-1BEE-4183-8CE0-212B06B7D88F}.AppStore|Any CPU.Build.0 = Debug|Any CPU
		{52EF2C39-1BEE-4183-8CE0-212B06B7D88F}.AppStore|iPhone.ActiveCfg = Debug|Any CPU
		{52EF2C39-1BEE-4183-8CE0-212B06B7D88F}.AppStore|iPhone.Build.0 = Debug|Any CPU
		{52EF2C39-1BEE-4183-8CE0-212B06B7D88F}.AppStore|iPhoneSimulator.ActiveCfg = Debug|Any CPU
		{52EF2C39-1BEE-4183-8CE0-212B06B7D88F}.AppStore|iPhoneSimulator.Build.0 = Debug|Any CPU
		{52EF2C39-1BEE-4183-8CE0-212B06B7D88F}.Debug|Any CPU.ActiveCfg = Debug|Any CPU
		{52EF2C39-1BEE-4183-8CE0-212B06B7D88F}.Debug|Any CPU.Build.0 = Debug|Any CPU
		{52EF2C39-1BEE-4183-8CE0-212B06B7D88F}.Debug|iPhone.ActiveCfg = Debug|Any CPU
		{52EF2C39-1BEE-4183-8CE0-212B06B7D88F}.Debug|iPhone.Build.0 = Debug|Any CPU
		{52EF2C39-1BEE-4183-8CE0-212B06B7D88F}.Debug|iPhoneSimulator.ActiveCfg = Debug|Any CPU
		{52EF2C39-1BEE-4183-8CE0-212B06B7D88F}.Debug|iPhoneSimulator.Build.0 = Debug|Any CPU
		{52EF2C39-1BEE-4183-8CE0-212B06B7D88F}.Release|Any CPU.ActiveCfg = Release|Any CPU
		{52EF2C39-1BEE-4183-8CE0-212B06B7D88F}.Release|Any CPU.Build.0 = Release|Any CPU
		{52EF2C39-1BEE-4183-8CE0-212B06B7D88F}.Release|iPhone.ActiveCfg = Release|Any CPU
		{52EF2C39-1BEE-4183-8CE0-212B06B7D88F}.Release|iPhone.Build.0 = Release|Any CPU
		{52EF2C39-1BEE-4183-8CE0-212B06B7D88F}.Release|iPhoneSimulator.ActiveCfg = Release|Any CPU
		{52EF2C39-1BEE-4183-8CE0-212B06B7D88F}.Release|iPhoneSimulator.Build.0 = Release|Any CPU
		{876E1BCB-8FBD-4BC8-A352-01CF02EC80F3}.Ad-Hoc|Any CPU.ActiveCfg = Debug|Any CPU
		{876E1BCB-8FBD-4BC8-A352-01CF02EC80F3}.Ad-Hoc|Any CPU.Build.0 = Debug|Any CPU
		{876E1BCB-8FBD-4BC8-A352-01CF02EC80F3}.Ad-Hoc|Any CPU.Deploy.0 = Debug|Any CPU
		{876E1BCB-8FBD-4BC8-A352-01CF02EC80F3}.Ad-Hoc|iPhone.ActiveCfg = Debug|Any CPU
		{876E1BCB-8FBD-4BC8-A352-01CF02EC80F3}.Ad-Hoc|iPhone.Build.0 = Debug|Any CPU
		{876E1BCB-8FBD-4BC8-A352-01CF02EC80F3}.Ad-Hoc|iPhone.Deploy.0 = Debug|Any CPU
		{876E1BCB-8FBD-4BC8-A352-01CF02EC80F3}.Ad-Hoc|iPhoneSimulator.ActiveCfg = Debug|Any CPU
		{876E1BCB-8FBD-4BC8-A352-01CF02EC80F3}.Ad-Hoc|iPhoneSimulator.Build.0 = Debug|Any CPU
		{876E1BCB-8FBD-4BC8-A352-01CF02EC80F3}.Ad-Hoc|iPhoneSimulator.Deploy.0 = Debug|Any CPU
		{876E1BCB-8FBD-4BC8-A352-01CF02EC80F3}.AppStore|Any CPU.ActiveCfg = Debug|Any CPU
		{876E1BCB-8FBD-4BC8-A352-01CF02EC80F3}.AppStore|Any CPU.Build.0 = Debug|Any CPU
		{876E1BCB-8FBD-4BC8-A352-01CF02EC80F3}.AppStore|Any CPU.Deploy.0 = Debug|Any CPU
		{876E1BCB-8FBD-4BC8-A352-01CF02EC80F3}.AppStore|iPhone.ActiveCfg = Debug|Any CPU
		{876E1BCB-8FBD-4BC8-A352-01CF02EC80F3}.AppStore|iPhone.Build.0 = Debug|Any CPU
		{876E1BCB-8FBD-4BC8-A352-01CF02EC80F3}.AppStore|iPhone.Deploy.0 = Debug|Any CPU
		{876E1BCB-8FBD-4BC8-A352-01CF02EC80F3}.AppStore|iPhoneSimulator.ActiveCfg = Debug|Any CPU
		{876E1BCB-8FBD-4BC8-A352-01CF02EC80F3}.AppStore|iPhoneSimulator.Build.0 = Debug|Any CPU
		{876E1BCB-8FBD-4BC8-A352-01CF02EC80F3}.AppStore|iPhoneSimulator.Deploy.0 = Debug|Any CPU
		{876E1BCB-8FBD-4BC8-A352-01CF02EC80F3}.Debug|Any CPU.ActiveCfg = Debug|Any CPU
		{876E1BCB-8FBD-4BC8-A352-01CF02EC80F3}.Debug|Any CPU.Build.0 = Debug|Any CPU
		{876E1BCB-8FBD-4BC8-A352-01CF02EC80F3}.Debug|Any CPU.Deploy.0 = Debug|Any CPU
		{876E1BCB-8FBD-4BC8-A352-01CF02EC80F3}.Debug|iPhone.ActiveCfg = Debug|Any CPU
		{876E1BCB-8FBD-4BC8-A352-01CF02EC80F3}.Debug|iPhone.Build.0 = Debug|Any CPU
		{876E1BCB-8FBD-4BC8-A352-01CF02EC80F3}.Debug|iPhone.Deploy.0 = Debug|Any CPU
		{876E1BCB-8FBD-4BC8-A352-01CF02EC80F3}.Debug|iPhoneSimulator.ActiveCfg = Debug|Any CPU
		{876E1BCB-8FBD-4BC8-A352-01CF02EC80F3}.Debug|iPhoneSimulator.Build.0 = Debug|Any CPU
		{876E1BCB-8FBD-4BC8-A352-01CF02EC80F3}.Debug|iPhoneSimulator.Deploy.0 = Debug|Any CPU
		{876E1BCB-8FBD-4BC8-A352-01CF02EC80F3}.Release|Any CPU.ActiveCfg = Release|Any CPU
		{876E1BCB-8FBD-4BC8-A352-01CF02EC80F3}.Release|Any CPU.Build.0 = Release|Any CPU
		{876E1BCB-8FBD-4BC8-A352-01CF02EC80F3}.Release|Any CPU.Deploy.0 = Release|Any CPU
		{876E1BCB-8FBD-4BC8-A352-01CF02EC80F3}.Release|iPhone.ActiveCfg = Release|Any CPU
		{876E1BCB-8FBD-4BC8-A352-01CF02EC80F3}.Release|iPhone.Build.0 = Release|Any CPU
		{876E1BCB-8FBD-4BC8-A352-01CF02EC80F3}.Release|iPhone.Deploy.0 = Release|Any CPU
		{876E1BCB-8FBD-4BC8-A352-01CF02EC80F3}.Release|iPhoneSimulator.ActiveCfg = Release|Any CPU
		{876E1BCB-8FBD-4BC8-A352-01CF02EC80F3}.Release|iPhoneSimulator.Build.0 = Release|Any CPU
		{876E1BCB-8FBD-4BC8-A352-01CF02EC80F3}.Release|iPhoneSimulator.Deploy.0 = Release|Any CPU
		{13C1EE60-5016-41C0-8139-3D34B5CD6644}.Ad-Hoc|Any CPU.ActiveCfg = Ad-Hoc|iPhoneSimulator
		{13C1EE60-5016-41C0-8139-3D34B5CD6644}.Ad-Hoc|iPhone.ActiveCfg = Ad-Hoc|iPhone
		{13C1EE60-5016-41C0-8139-3D34B5CD6644}.Ad-Hoc|iPhone.Build.0 = Ad-Hoc|iPhone
		{13C1EE60-5016-41C0-8139-3D34B5CD6644}.Ad-Hoc|iPhoneSimulator.ActiveCfg = Ad-Hoc|iPhoneSimulator
		{13C1EE60-5016-41C0-8139-3D34B5CD6644}.Ad-Hoc|iPhoneSimulator.Build.0 = Ad-Hoc|iPhoneSimulator
		{13C1EE60-5016-41C0-8139-3D34B5CD6644}.AppStore|Any CPU.ActiveCfg = AppStore|iPhoneSimulator
		{13C1EE60-5016-41C0-8139-3D34B5CD6644}.AppStore|iPhone.ActiveCfg = AppStore|iPhone
		{13C1EE60-5016-41C0-8139-3D34B5CD6644}.AppStore|iPhone.Build.0 = AppStore|iPhone
		{13C1EE60-5016-41C0-8139-3D34B5CD6644}.AppStore|iPhoneSimulator.ActiveCfg = AppStore|iPhoneSimulator
		{13C1EE60-5016-41C0-8139-3D34B5CD6644}.AppStore|iPhoneSimulator.Build.0 = AppStore|iPhoneSimulator
		{13C1EE60-5016-41C0-8139-3D34B5CD6644}.Debug|Any CPU.ActiveCfg = Debug|iPhoneSimulator
		{13C1EE60-5016-41C0-8139-3D34B5CD6644}.Debug|iPhone.ActiveCfg = Debug|iPhone
		{13C1EE60-5016-41C0-8139-3D34B5CD6644}.Debug|iPhone.Build.0 = Debug|iPhone
		{13C1EE60-5016-41C0-8139-3D34B5CD6644}.Debug|iPhoneSimulator.ActiveCfg = Debug|iPhoneSimulator
		{13C1EE60-5016-41C0-8139-3D34B5CD6644}.Debug|iPhoneSimulator.Build.0 = Debug|iPhoneSimulator
		{13C1EE60-5016-41C0-8139-3D34B5CD6644}.Release|Any CPU.ActiveCfg = Release|iPhoneSimulator
		{13C1EE60-5016-41C0-8139-3D34B5CD6644}.Release|iPhone.ActiveCfg = Release|iPhone
		{13C1EE60-5016-41C0-8139-3D34B5CD6644}.Release|iPhone.Build.0 = Release|iPhone
		{13C1EE60-5016-41C0-8139-3D34B5CD6644}.Release|iPhoneSimulator.ActiveCfg = Release|iPhoneSimulator
		{13C1EE60-5016-41C0-8139-3D34B5CD6644}.Release|iPhoneSimulator.Build.0 = Release|iPhoneSimulator
	EndGlobalSection
	GlobalSection(SolutionProperties) = preSolution
		HideSolutionNode = FALSE
	EndGlobalSection
	GlobalSection(NestedProjects) = preSolution
		{91F66405-6BF5-45DC-98D1-7CD5D87EA847} = {80BC7E61-D883-40A1-847B-ADFF98ECEEB8}
		{DA4C6AAD-6233-4E2C-967A-E09B16230880} = {80BC7E61-D883-40A1-847B-ADFF98ECEEB8}
		{3C473530-F111-4EA2-90D8-4E79AD39EAE5} = {DA4C6AAD-6233-4E2C-967A-E09B16230880}
		{32B8397A-4C92-427A-936E-C945238E819D} = {91F66405-6BF5-45DC-98D1-7CD5D87EA847}
		{A71187EE-617D-4FAE-99DF-469D72F39F13} = {91F66405-6BF5-45DC-98D1-7CD5D87EA847}
		{FFF49744-620A-464E-B834-389D7A2FA09A} = {DA4C6AAD-6233-4E2C-967A-E09B16230880}
		{DB475BF8-2021-4DDD-A393-C997480BE3B2} = {DA4C6AAD-6233-4E2C-967A-E09B16230880}
		{EA48A913-705F-476E-A061-76C6C3B1B05E} = {1CFB5D5B-9265-48D3-BCB7-CA61FC83D887}
		{52EF2C39-1BEE-4183-8CE0-212B06B7D88F} = {7F48D4EB-A143-4B64-8BBC-974EA14ADF24}
		{876E1BCB-8FBD-4BC8-A352-01CF02EC80F3} = {7F48D4EB-A143-4B64-8BBC-974EA14ADF24}
		{13C1EE60-5016-41C0-8139-3D34B5CD6644} = {7F48D4EB-A143-4B64-8BBC-974EA14ADF24}
	EndGlobalSection
	GlobalSection(ExtensibilityGlobals) = postSolution
		SolutionGuid = {77468FCC-5382-4958-AE19-6AE3C4E5D56B}
	EndGlobalSection
EndGlobal
