
Microsoft Visual Studio Solution File, Format Version 12.00
# Visual Studio Version 16
VisualStudioVersion = 16.0.29609.76
MinimumVisualStudioVersion = 10.0.40219.1
Project("{9A19103F-16F7-4668-BE54-9A1E7A4F7556}") = "UnibetService", "UnibetService\UnibetService.csproj", "{251C1B47-AA6E-4001-B12D-280C9D400F3D}"
EndProject
Project("{2150E333-8FDC-42A3-9474-1A3956D46DE8}") = "Services", "Services", "{80BC7E61-D883-40A1-847B-ADFF98ECEEB8}"
EndProject
Project("{2150E333-8FDC-42A3-9474-1A3956D46DE8}") = "Web", "Web", "{1CFB5D5B-9265-48D3-BCB7-CA61FC83D887}"
EndProject
Project("{2150E333-8FDC-42A3-9474-1A3956D46DE8}") = "Unibet", "Unibet", "{91F66405-6BF5-45DC-98D1-7CD5D87EA847}"
EndProject
Project("{2150E333-8FDC-42A3-9474-1A3956D46DE8}") = "Bet", "Bet", "{DA4C6AAD-6233-4E2C-967A-E09B16230880}"
EndProject
Project("{9A19103F-16F7-4668-BE54-9A1E7A4F7556}") = "Dashboard", "Web\Dashboard\Dashboard.csproj", "{EBC77907-7E8D-4E7A-BB9C-5DE877DB582A}"
EndProject
Project("{9A19103F-16F7-4668-BE54-9A1E7A4F7556}") = "Bet.API", "Services\Bet\Bet.API\Bet.API.csproj", "{3C473530-F111-4EA2-90D8-4E79AD39EAE5}"
EndProject
Project("{FAE04EC0-301F-11D3-BF4B-00C04F79EFBC}") = "UnibetClient", "Services\Unibet\UnibetClient\UnibetClient.csproj", "{32B8397A-4C92-427A-936E-C945238E819D}"
EndProject
Project("{FAE04EC0-301F-11D3-BF4B-00C04F79EFBC}") = "UnibetClient.UnitTest", "Services\Unibet\UnibetClient.UnitTest\UnibetClient.UnitTest.csproj", "{A71187EE-617D-4FAE-99DF-469D72F39F13}"
EndProject
Project("{FAE04EC0-301F-11D3-BF4B-00C04F79EFBC}") = "Bet.Domain", "Services\Bet\Bet.Domain\Bet.Domain.csproj", "{FFF49744-620A-464E-B834-389D7A2FA09A}"
EndProject
Global
	GlobalSection(SolutionConfigurationPlatforms) = preSolution
		Debug|Any CPU = Debug|Any CPU
		Release|Any CPU = Release|Any CPU
	EndGlobalSection
	GlobalSection(ProjectConfigurationPlatforms) = postSolution
		{251C1B47-AA6E-4001-B12D-280C9D400F3D}.Debug|Any CPU.ActiveCfg = Debug|Any CPU
		{251C1B47-AA6E-4001-B12D-280C9D400F3D}.Debug|Any CPU.Build.0 = Debug|Any CPU
		{251C1B47-AA6E-4001-B12D-280C9D400F3D}.Release|Any CPU.ActiveCfg = Release|Any CPU
		{251C1B47-AA6E-4001-B12D-280C9D400F3D}.Release|Any CPU.Build.0 = Release|Any CPU
		{EBC77907-7E8D-4E7A-BB9C-5DE877DB582A}.Debug|Any CPU.ActiveCfg = Debug|Any CPU
		{EBC77907-7E8D-4E7A-BB9C-5DE877DB582A}.Debug|Any CPU.Build.0 = Debug|Any CPU
		{EBC77907-7E8D-4E7A-BB9C-5DE877DB582A}.Release|Any CPU.ActiveCfg = Release|Any CPU
		{EBC77907-7E8D-4E7A-BB9C-5DE877DB582A}.Release|Any CPU.Build.0 = Release|Any CPU
		{3C473530-F111-4EA2-90D8-4E79AD39EAE5}.Debug|Any CPU.ActiveCfg = Debug|Any CPU
		{3C473530-F111-4EA2-90D8-4E79AD39EAE5}.Debug|Any CPU.Build.0 = Debug|Any CPU
		{3C473530-F111-4EA2-90D8-4E79AD39EAE5}.Release|Any CPU.ActiveCfg = Release|Any CPU
		{3C473530-F111-4EA2-90D8-4E79AD39EAE5}.Release|Any CPU.Build.0 = Release|Any CPU
		{32B8397A-4C92-427A-936E-C945238E819D}.Debug|Any CPU.ActiveCfg = Debug|Any CPU
		{32B8397A-4C92-427A-936E-C945238E819D}.Debug|Any CPU.Build.0 = Debug|Any CPU
		{32B8397A-4C92-427A-936E-C945238E819D}.Release|Any CPU.ActiveCfg = Release|Any CPU
		{32B8397A-4C92-427A-936E-C945238E819D}.Release|Any CPU.Build.0 = Release|Any CPU
		{A71187EE-617D-4FAE-99DF-469D72F39F13}.Debug|Any CPU.ActiveCfg = Debug|Any CPU
		{A71187EE-617D-4FAE-99DF-469D72F39F13}.Debug|Any CPU.Build.0 = Debug|Any CPU
		{A71187EE-617D-4FAE-99DF-469D72F39F13}.Release|Any CPU.ActiveCfg = Release|Any CPU
		{A71187EE-617D-4FAE-99DF-469D72F39F13}.Release|Any CPU.Build.0 = Release|Any CPU
		{FFF49744-620A-464E-B834-389D7A2FA09A}.Debug|Any CPU.ActiveCfg = Debug|Any CPU
		{FFF49744-620A-464E-B834-389D7A2FA09A}.Debug|Any CPU.Build.0 = Debug|Any CPU
		{FFF49744-620A-464E-B834-389D7A2FA09A}.Release|Any CPU.ActiveCfg = Release|Any CPU
		{FFF49744-620A-464E-B834-389D7A2FA09A}.Release|Any CPU.Build.0 = Release|Any CPU
	EndGlobalSection
	GlobalSection(SolutionProperties) = preSolution
		HideSolutionNode = FALSE
	EndGlobalSection
	GlobalSection(NestedProjects) = preSolution
		{251C1B47-AA6E-4001-B12D-280C9D400F3D} = {1CFB5D5B-9265-48D3-BCB7-CA61FC83D887}
		{91F66405-6BF5-45DC-98D1-7CD5D87EA847} = {80BC7E61-D883-40A1-847B-ADFF98ECEEB8}
		{DA4C6AAD-6233-4E2C-967A-E09B16230880} = {80BC7E61-D883-40A1-847B-ADFF98ECEEB8}
		{EBC77907-7E8D-4E7A-BB9C-5DE877DB582A} = {1CFB5D5B-9265-48D3-BCB7-CA61FC83D887}
		{3C473530-F111-4EA2-90D8-4E79AD39EAE5} = {DA4C6AAD-6233-4E2C-967A-E09B16230880}
		{32B8397A-4C92-427A-936E-C945238E819D} = {91F66405-6BF5-45DC-98D1-7CD5D87EA847}
		{A71187EE-617D-4FAE-99DF-469D72F39F13} = {91F66405-6BF5-45DC-98D1-7CD5D87EA847}
		{FFF49744-620A-464E-B834-389D7A2FA09A} = {DA4C6AAD-6233-4E2C-967A-E09B16230880}
	EndGlobalSection
	GlobalSection(ExtensibilityGlobals) = postSolution
		SolutionGuid = {77468FCC-5382-4958-AE19-6AE3C4E5D56B}
	EndGlobalSection
EndGlobal
